{
  "version": 4,
  "terraform_version": "1.12.2",
  "serial": 2,
  "lineage": "55b81b16-f26b-f49f-cf68-b78a03c3c018",
  "outputs": {
    "pet_name": {
      "value": "uncommon-beetle",
      "type": "string"
    }
  },
  "resources": [
    {
      "mode": "managed",
      "type": "random_pet",
      "name": "example",
      "provider": "provider[\"registry.terraform.io/hashicorp/random\"]",
      "instances": [
        {
          "schema_version": 0,
          "attributes": {
            "id": "uncommon-beetle",
            "keepers": null,
            "length": 2,
            "prefix": null,
            "separator": "-"
          },
          "sensitive_attributes": [],
          "identity_schema_version": 0
        }
      ]
    }
  ],
  "check_results": null
}
